
Microsoft Visual Studio Solution File, Format Version 12.00
# Visual Studio 15
VisualStudioVersion = 15.0.28010.2041
MinimumVisualStudioVersion = 10.0.40219.1
Project("{8BC9CEB8-8B4A-11D0-8D11-00A0C91BC942}") = "przyklad1", "przyklad1\przyklad1.vcxproj", "{FDC9B9D9-DFF7-48D4-8AEE-760B79ABCA70}"
EndProject
Global
	GlobalSection(SolutionConfigurationPlatforms) = preSolution
		Debug|x64 = Debug|x64
		Debug|x86 = Debug|x86
		Release|x64 = Release|x64
		Release|x86 = Release|x86
	EndGlobalSection
	GlobalSection(ProjectConfigurationPlatforms) = postSolution
		{FDC9B9D9-DFF7-48D4-8AEE-760B79ABCA70}.Debug|x64.ActiveCfg = Debug|x64
		{FDC9B9D9-DFF7-48D4-8AEE-760B79ABCA70}.Debug|x64.Build.0 = Debug|x64
		{FDC9B9D9-DFF7-48D4-8AEE-760B79ABCA70}.Debug|x86.ActiveCfg = Debug|Win32
		{FDC9B9D9-DFF7-48D4-8AEE-760B79ABCA70}.Debug|x86.Build.0 = Debug|Win32
		{FDC9B9D9-DFF7-48D4-8AEE-760B79ABCA70}.Release|x64.ActiveCfg = Release|x64
		{FDC9B9D9-DFF7-48D4-8AEE-760B79ABCA70}.Release|x64.Build.0 = Release|x64
		{FDC9B9D9-DFF7-48D4-8AEE-760B79ABCA70}.Release|x86.ActiveCfg = Release|Win32
		{FDC9B9D9-DFF7-48D4-8AEE-760B79ABCA70}.Release|x86.Build.0 = Release|Win32
	EndGlobalSection
	GlobalSection(SolutionProperties) = preSolution
		HideSolutionNode = FALSE
	EndGlobalSection
	GlobalSection(ExtensibilityGlobals) = postSolution
		SolutionGuid = {750C5DDC-5FB7-465A-8974-16F8003D7B15}
	EndGlobalSection
EndGlobal
